// !$*UTF8*$!
{
	archiveVersion = 1;
	classes = {
	};
	objectVersion = 55;
	objects = {

/* Begin PBXBuildFile section */
		622FECB53B9622B472C1E8C2 /* Pods_Calculator.framework in Frameworks */ = {isa = PBXBuildFile; fileRef = 488637C1B58220DF9AA26B5D /* Pods_Calculator.framework */; };
		DE3CAD1A271B0B3900B8DA7D /* AppDelegate.swift in Sources */ = {isa = PBXBuildFile; fileRef = DE3CAD19271B0B3900B8DA7D /* AppDelegate.swift */; };
		DE3CAD1C271B0B3900B8DA7D /* SceneDelegate.swift in Sources */ = {isa = PBXBuildFile; fileRef = DE3CAD1B271B0B3900B8DA7D /* SceneDelegate.swift */; };
		DE3CAD23271B0B3A00B8DA7D /* Assets.xcassets in Resources */ = {isa = PBXBuildFile; fileRef = DE3CAD22271B0B3A00B8DA7D /* Assets.xcassets */; };
		DE3CAD26271B0B3A00B8DA7D /* LaunchScreen.storyboard in Resources */ = {isa = PBXBuildFile; fileRef = DE3CAD24271B0B3A00B8DA7D /* LaunchScreen.storyboard */; };
		DEC4F607271B174B008294B5 /* Coordinator.swift in Sources */ = {isa = PBXBuildFile; fileRef = DEC4F606271B174B008294B5 /* Coordinator.swift */; };
		DEC4F60B271B1A74008294B5 /* HasCustomView.swift in Sources */ = {isa = PBXBuildFile; fileRef = DEC4F60A271B1A74008294B5 /* HasCustomView.swift */; };
		DEC4F60D271B1A82008294B5 /* RxViewController.swift in Sources */ = {isa = PBXBuildFile; fileRef = DEC4F60C271B1A82008294B5 /* RxViewController.swift */; };
		DEC4F60F271B1B1E008294B5 /* ViewModel.swift in Sources */ = {isa = PBXBuildFile; fileRef = DEC4F60E271B1B1E008294B5 /* ViewModel.swift */; };
		DEC4F611271B1D7B008294B5 /* CoordinatorType.swift in Sources */ = {isa = PBXBuildFile; fileRef = DEC4F610271B1D7B008294B5 /* CoordinatorType.swift */; };
		DEC4F618271B27A4008294B5 /* ApiClient.swift in Sources */ = {isa = PBXBuildFile; fileRef = DEC4F617271B27A4008294B5 /* ApiClient.swift */; };
		DEC4F61A271B2897008294B5 /* ApiClientErrors.swift in Sources */ = {isa = PBXBuildFile; fileRef = DEC4F619271B2897008294B5 /* ApiClientErrors.swift */; };
		DEC4F61D271B31EC008294B5 /* Input.storyboard in Resources */ = {isa = PBXBuildFile; fileRef = DEC4F61C271B31EC008294B5 /* Input.storyboard */; };
		DEC4F61F271B364D008294B5 /* InputView.swift in Sources */ = {isa = PBXBuildFile; fileRef = DEC4F61E271B364D008294B5 /* InputView.swift */; };
		DEE52E65271B38E40090F645 /* InputViewController.swift in Sources */ = {isa = PBXBuildFile; fileRef = DEE52E64271B38E40090F645 /* InputViewController.swift */; };
		DEE52E67271B3BF70090F645 /* CalculatorCoordinator.swift in Sources */ = {isa = PBXBuildFile; fileRef = DEE52E66271B3BF70090F645 /* CalculatorCoordinator.swift */; };
		DEE52E69271B3EEC0090F645 /* R.generated.swift in Sources */ = {isa = PBXBuildFile; fileRef = DEE52E68271B3EEC0090F645 /* R.generated.swift */; };
		DEE52E6C271B4EFB0090F645 /* RX+UISegmentedControl.swift in Sources */ = {isa = PBXBuildFile; fileRef = DEE52E6B271B4EFB0090F645 /* RX+UISegmentedControl.swift */; };
/* End PBXBuildFile section */

/* Begin PBXFileReference section */
		488637C1B58220DF9AA26B5D /* Pods_Calculator.framework */ = {isa = PBXFileReference; explicitFileType = wrapper.framework; includeInIndex = 0; path = Pods_Calculator.framework; sourceTree = BUILT_PRODUCTS_DIR; };
		5E4BDFB6644712B4D0434BC1 /* Pods-Calculator.debug.xcconfig */ = {isa = PBXFileReference; includeInIndex = 1; lastKnownFileType = text.xcconfig; name = "Pods-Calculator.debug.xcconfig"; path = "Target Support Files/Pods-Calculator/Pods-Calculator.debug.xcconfig"; sourceTree = "<group>"; };
		DE3CAD16271B0B3900B8DA7D /* Calculator.app */ = {isa = PBXFileReference; explicitFileType = wrapper.application; includeInIndex = 0; path = Calculator.app; sourceTree = BUILT_PRODUCTS_DIR; };
		DE3CAD19271B0B3900B8DA7D /* AppDelegate.swift */ = {isa = PBXFileReference; lastKnownFileType = sourcecode.swift; path = AppDelegate.swift; sourceTree = "<group>"; };
		DE3CAD1B271B0B3900B8DA7D /* SceneDelegate.swift */ = {isa = PBXFileReference; lastKnownFileType = sourcecode.swift; path = SceneDelegate.swift; sourceTree = "<group>"; };
		DE3CAD22271B0B3A00B8DA7D /* Assets.xcassets */ = {isa = PBXFileReference; lastKnownFileType = folder.assetcatalog; path = Assets.xcassets; sourceTree = "<group>"; };
		DE3CAD25271B0B3A00B8DA7D /* Base */ = {isa = PBXFileReference; lastKnownFileType = file.storyboard; name = Base; path = Base.lproj/LaunchScreen.storyboard; sourceTree = "<group>"; };
		DE3CAD27271B0B3A00B8DA7D /* Info.plist */ = {isa = PBXFileReference; lastKnownFileType = text.plist.xml; path = Info.plist; sourceTree = "<group>"; };
		DEC4F606271B174B008294B5 /* Coordinator.swift */ = {isa = PBXFileReference; lastKnownFileType = sourcecode.swift; path = Coordinator.swift; sourceTree = "<group>"; };
		DEC4F60A271B1A74008294B5 /* HasCustomView.swift */ = {isa = PBXFileReference; lastKnownFileType = sourcecode.swift; path = HasCustomView.swift; sourceTree = "<group>"; };
		DEC4F60C271B1A82008294B5 /* RxViewController.swift */ = {isa = PBXFileReference; lastKnownFileType = sourcecode.swift; path = RxViewController.swift; sourceTree = "<group>"; };
		DEC4F60E271B1B1E008294B5 /* ViewModel.swift */ = {isa = PBXFileReference; lastKnownFileType = sourcecode.swift; path = ViewModel.swift; sourceTree = "<group>"; };
		DEC4F610271B1D7B008294B5 /* CoordinatorType.swift */ = {isa = PBXFileReference; lastKnownFileType = sourcecode.swift; path = CoordinatorType.swift; sourceTree = "<group>"; };
		DEC4F617271B27A4008294B5 /* ApiClient.swift */ = {isa = PBXFileReference; lastKnownFileType = sourcecode.swift; path = ApiClient.swift; sourceTree = "<group>"; };
		DEC4F619271B2897008294B5 /* ApiClientErrors.swift */ = {isa = PBXFileReference; lastKnownFileType = sourcecode.swift; path = ApiClientErrors.swift; sourceTree = "<group>"; };
		DEC4F61C271B31EC008294B5 /* Input.storyboard */ = {isa = PBXFileReference; lastKnownFileType = file.storyboard; path = Input.storyboard; sourceTree = "<group>"; };
		DEC4F61E271B364D008294B5 /* InputView.swift */ = {isa = PBXFileReference; lastKnownFileType = sourcecode.swift; path = InputView.swift; sourceTree = "<group>"; };
		DEE52E64271B38E40090F645 /* InputViewController.swift */ = {isa = PBXFileReference; lastKnownFileType = sourcecode.swift; path = InputViewController.swift; sourceTree = "<group>"; };
		DEE52E66271B3BF70090F645 /* CalculatorCoordinator.swift */ = {isa = PBXFileReference; lastKnownFileType = sourcecode.swift; path = CalculatorCoordinator.swift; sourceTree = "<group>"; };
		DEE52E68271B3EEC0090F645 /* R.generated.swift */ = {isa = PBXFileReference; fileEncoding = 4; lastKnownFileType = sourcecode.swift; path = R.generated.swift; sourceTree = SOURCE_ROOT; };
		DEE52E6B271B4EFB0090F645 /* RX+UISegmentedControl.swift */ = {isa = PBXFileReference; lastKnownFileType = sourcecode.swift; path = "RX+UISegmentedControl.swift"; sourceTree = "<group>"; };
		F86D8B7016BE7FB0907D2CD2 /* Pods-Calculator.release.xcconfig */ = {isa = PBXFileReference; includeInIndex = 1; lastKnownFileType = text.xcconfig; name = "Pods-Calculator.release.xcconfig"; path = "Target Support Files/Pods-Calculator/Pods-Calculator.release.xcconfig"; sourceTree = "<group>"; };
/* End PBXFileReference section */

/* Begin PBXFrameworksBuildPhase section */
		DE3CAD13271B0B3900B8DA7D /* Frameworks */ = {
			isa = PBXFrameworksBuildPhase;
			buildActionMask = 2147483647;
			files = (
				622FECB53B9622B472C1E8C2 /* Pods_Calculator.framework in Frameworks */,
			);
			runOnlyForDeploymentPostprocessing = 0;
		};
/* End PBXFrameworksBuildPhase section */

/* Begin PBXGroup section */
		8CA402FEE99D3BBEC973270B /* Pods */ = {
			isa = PBXGroup;
			children = (
				5E4BDFB6644712B4D0434BC1 /* Pods-Calculator.debug.xcconfig */,
				F86D8B7016BE7FB0907D2CD2 /* Pods-Calculator.release.xcconfig */,
			);
			path = Pods;
			sourceTree = "<group>";
		};
		8E90076A5EE8466184FB9143 /* Frameworks */ = {
			isa = PBXGroup;
			children = (
				488637C1B58220DF9AA26B5D /* Pods_Calculator.framework */,
			);
			name = Frameworks;
			sourceTree = "<group>";
		};
		DE3CAD0D271B0B3900B8DA7D = {
			isa = PBXGroup;
			children = (
				DE3CAD18271B0B3900B8DA7D /* Calculator */,
				DE3CAD17271B0B3900B8DA7D /* Products */,
				8CA402FEE99D3BBEC973270B /* Pods */,
				8E90076A5EE8466184FB9143 /* Frameworks */,
			);
			sourceTree = "<group>";
		};
		DE3CAD17271B0B3900B8DA7D /* Products */ = {
			isa = PBXGroup;
			children = (
				DE3CAD16271B0B3900B8DA7D /* Calculator.app */,
			);
			name = Products;
			sourceTree = "<group>";
		};
		DE3CAD18271B0B3900B8DA7D /* Calculator */ = {
			isa = PBXGroup;
			children = (
				DEE52E6A271B4EDC0090F645 /* Extensions */,
				DEC4F616271B2720008294B5 /* Services */,
				DEC4F605271B173F008294B5 /* Base */,
				DEC4F615271B2558008294B5 /* Flow */,
				DEC4F614271B2546008294B5 /* Resources */,
				DEC4F604271B1711008294B5 /* SupportingFiles */,
				DE3CAD27271B0B3A00B8DA7D /* Info.plist */,
			);
			path = Calculator;
			sourceTree = "<group>";
		};
		DEC4F604271B1711008294B5 /* SupportingFiles */ = {
			isa = PBXGroup;
			children = (
				DEE52E68271B3EEC0090F645 /* R.generated.swift */,
				DE3CAD24271B0B3A00B8DA7D /* LaunchScreen.storyboard */,
				DE3CAD1B271B0B3900B8DA7D /* SceneDelegate.swift */,
				DE3CAD19271B0B3900B8DA7D /* AppDelegate.swift */,
			);
			path = SupportingFiles;
			sourceTree = "<group>";
		};
		DEC4F605271B173F008294B5 /* Base */ = {
			isa = PBXGroup;
			children = (
				DEC4F606271B174B008294B5 /* Coordinator.swift */,
				DEC4F610271B1D7B008294B5 /* CoordinatorType.swift */,
				DEC4F60C271B1A82008294B5 /* RxViewController.swift */,
				DEC4F60E271B1B1E008294B5 /* ViewModel.swift */,
				DEC4F60A271B1A74008294B5 /* HasCustomView.swift */,
			);
			path = Base;
			sourceTree = "<group>";
		};
		DEC4F614271B2546008294B5 /* Resources */ = {
			isa = PBXGroup;
			children = (
				DE3CAD22271B0B3A00B8DA7D /* Assets.xcassets */,
			);
			path = Resources;
			sourceTree = "<group>";
		};
		DEC4F615271B2558008294B5 /* Flow */ = {
			isa = PBXGroup;
			children = (
				DEC4F61B271B31C0008294B5 /* Input */,
				DEE52E66271B3BF70090F645 /* CalculatorCoordinator.swift */,
			);
			path = Flow;
			sourceTree = "<group>";
		};
		DEC4F616271B2720008294B5 /* Services */ = {
			isa = PBXGroup;
			children = (
				DEC4F617271B27A4008294B5 /* ApiClient.swift */,
				DEC4F619271B2897008294B5 /* ApiClientErrors.swift */,
			);
			path = Services;
			sourceTree = "<group>";
		};
		DEC4F61B271B31C0008294B5 /* Input */ = {
			isa = PBXGroup;
			children = (
				DEC4F61C271B31EC008294B5 /* Input.storyboard */,
				DEC4F61E271B364D008294B5 /* InputView.swift */,
				DEE52E64271B38E40090F645 /* InputViewController.swift */,
			);
			path = Input;
			sourceTree = "<group>";
		};
		DEE52E6A271B4EDC0090F645 /* Extensions */ = {
			isa = PBXGroup;
			children = (
				DEE52E6B271B4EFB0090F645 /* RX+UISegmentedControl.swift */,
			);
			path = Extensions;
			sourceTree = "<group>";
		};
/* End PBXGroup section */

/* Begin PBXNativeTarget section */
		DE3CAD15271B0B3900B8DA7D /* Calculator */ = {
			isa = PBXNativeTarget;
			buildConfigurationList = DE3CAD2A271B0B3A00B8DA7D /* Build configuration list for PBXNativeTarget "Calculator" */;
			buildPhases = (
				C1323F05C28C5439DB2CBE97 /* [CP] Check Pods Manifest.lock */,
				DEC4F603271B10B8008294B5 /* RSwift */,
				DE3CAD12271B0B3900B8DA7D /* Sources */,
				DE3CAD13271B0B3900B8DA7D /* Frameworks */,
				DE3CAD14271B0B3900B8DA7D /* Resources */,
				163C8B3E659C8E66A472493A /* [CP] Embed Pods Frameworks */,
			);
			buildRules = (
			);
			dependencies = (
			);
			name = Calculator;
			productName = Calculator;
			productReference = DE3CAD16271B0B3900B8DA7D /* Calculator.app */;
			productType = "com.apple.product-type.application";
		};
/* End PBXNativeTarget section */

/* Begin PBXProject section */
		DE3CAD0E271B0B3900B8DA7D /* Project object */ = {
			isa = PBXProject;
			attributes = {
				BuildIndependentTargetsInParallel = 1;
				LastSwiftUpdateCheck = 1300;
				LastUpgradeCheck = 1300;
				TargetAttributes = {
					DE3CAD15271B0B3900B8DA7D = {
						CreatedOnToolsVersion = 13.0;
					};
				};
			};
			buildConfigurationList = DE3CAD11271B0B3900B8DA7D /* Build configuration list for PBXProject "Calculator" */;
			compatibilityVersion = "Xcode 13.0";
			developmentRegion = en;
			hasScannedForEncodings = 0;
			knownRegions = (
				en,
				Base,
			);
			mainGroup = DE3CAD0D271B0B3900B8DA7D;
			productRefGroup = DE3CAD17271B0B3900B8DA7D /* Products */;
			projectDirPath = "";
			projectRoot = "";
			targets = (
				DE3CAD15271B0B3900B8DA7D /* Calculator */,
			);
		};
/* End PBXProject section */

/* Begin PBXResourcesBuildPhase section */
		DE3CAD14271B0B3900B8DA7D /* Resources */ = {
			isa = PBXResourcesBuildPhase;
			buildActionMask = 2147483647;
			files = (
				DE3CAD26271B0B3A00B8DA7D /* LaunchScreen.storyboard in Resources */,
				DEC4F61D271B31EC008294B5 /* Input.storyboard in Resources */,
				DE3CAD23271B0B3A00B8DA7D /* Assets.xcassets in Resources */,
			);
			runOnlyForDeploymentPostprocessing = 0;
		};
/* End PBXResourcesBuildPhase section */

/* Begin PBXShellScriptBuildPhase section */
		163C8B3E659C8E66A472493A /* [CP] Embed Pods Frameworks */ = {
			isa = PBXShellScriptBuildPhase;
			buildActionMask = 2147483647;
			files = (
			);
			inputFileListPaths = (
				"${PODS_ROOT}/Target Support Files/Pods-Calculator/Pods-Calculator-frameworks-${CONFIGURATION}-input-files.xcfilelist",
			);
			name = "[CP] Embed Pods Frameworks";
			outputFileListPaths = (
				"${PODS_ROOT}/Target Support Files/Pods-Calculator/Pods-Calculator-frameworks-${CONFIGURATION}-output-files.xcfilelist",
			);
			runOnlyForDeploymentPostprocessing = 0;
			shellPath = /bin/sh;
			shellScript = "\"${PODS_ROOT}/Target Support Files/Pods-Calculator/Pods-Calculator-frameworks.sh\"\n";
			showEnvVarsInLog = 0;
		};
		C1323F05C28C5439DB2CBE97 /* [CP] Check Pods Manifest.lock */ = {
			isa = PBXShellScriptBuildPhase;
			buildActionMask = 2147483647;
			files = (
			);
			inputFileListPaths = (
			);
			inputPaths = (
				"${PODS_PODFILE_DIR_PATH}/Podfile.lock",
				"${PODS_ROOT}/Manifest.lock",
			);
			name = "[CP] Check Pods Manifest.lock";
			outputFileListPaths = (
			);
			outputPaths = (
				"$(DERIVED_FILE_DIR)/Pods-Calculator-checkManifestLockResult.txt",
			);
			runOnlyForDeploymentPostprocessing = 0;
			shellPath = /bin/sh;
			shellScript = "diff \"${PODS_PODFILE_DIR_PATH}/Podfile.lock\" \"${PODS_ROOT}/Manifest.lock\" > /dev/null\nif [ $? != 0 ] ; then\n    # print error to STDERR\n    echo \"error: The sandbox is not in sync with the Podfile.lock. Run 'pod install' or update your CocoaPods installation.\" >&2\n    exit 1\nfi\n# This output is used by Xcode 'outputs' to avoid re-running this script phase.\necho \"SUCCESS\" > \"${SCRIPT_OUTPUT_FILE_0}\"\n";
			showEnvVarsInLog = 0;
		};
		DEC4F603271B10B8008294B5 /* RSwift */ = {
			isa = PBXShellScriptBuildPhase;
			buildActionMask = 2147483647;
			files = (
			);
			inputFileListPaths = (
			);
			inputPaths = (
				"$TEMP_DIR/rswift-lastrun",
			);
			name = RSwift;
			outputFileListPaths = (
			);
			outputPaths = (
				$SRCROOT/R.generated.swift,
			);
			runOnlyForDeploymentPostprocessing = 0;
			shellPath = /bin/sh;
			shellScript = "if [ $ACTION != \"indexbuild\" ]; then\n  \"$PODS_ROOT/R.swift/rswift\" generate \"$SRCROOT/R.generated.swift\"\nfi\n";
		};
/* End PBXShellScriptBuildPhase section */

/* Begin PBXSourcesBuildPhase section */
		DE3CAD12271B0B3900B8DA7D /* Sources */ = {
			isa = PBXSourcesBuildPhase;
			buildActionMask = 2147483647;
			files = (
				DEE52E67271B3BF70090F645 /* CalculatorCoordinator.swift in Sources */,
				DEE52E65271B38E40090F645 /* InputViewController.swift in Sources */,
				DEC4F607271B174B008294B5 /* Coordinator.swift in Sources */,
				DEC4F60D271B1A82008294B5 /* RxViewController.swift in Sources */,
				DE3CAD1A271B0B3900B8DA7D /* AppDelegate.swift in Sources */,
				DEC4F618271B27A4008294B5 /* ApiClient.swift in Sources */,
				DEE52E6C271B4EFB0090F645 /* RX+UISegmentedControl.swift in Sources */,
				DEE52E69271B3EEC0090F645 /* R.generated.swift in Sources */,
				DE3CAD1C271B0B3900B8DA7D /* SceneDelegate.swift in Sources */,
				DEC4F611271B1D7B008294B5 /* CoordinatorType.swift in Sources */,
				DEC4F61A271B2897008294B5 /* ApiClientErrors.swift in Sources */,
				DEC4F61F271B364D008294B5 /* InputView.swift in Sources */,
				DEC4F60B271B1A74008294B5 /* HasCustomView.swift in Sources */,
				DEC4F60F271B1B1E008294B5 /* ViewModel.swift in Sources */,
			);
			runOnlyForDeploymentPostprocessing = 0;
		};
/* End PBXSourcesBuildPhase section */

/* Begin PBXVariantGroup section */
		DE3CAD24271B0B3A00B8DA7D /* LaunchScreen.storyboard */ = {
			isa = PBXVariantGroup;
			children = (
				DE3CAD25271B0B3A00B8DA7D /* Base */,
			);
			name = LaunchScreen.storyboard;
			sourceTree = "<group>";
		};
/* End PBXVariantGroup section */

/* Begin XCBuildConfiguration section */
		DE3CAD28271B0B3A00B8DA7D /* Debug */ = {
			isa = XCBuildConfiguration;
			buildSettings = {
				ALWAYS_SEARCH_USER_PATHS = NO;
				CLANG_ANALYZER_NONNULL = YES;
				CLANG_ANALYZER_NUMBER_OBJECT_CONVERSION = YES_AGGRESSIVE;
				CLANG_CXX_LANGUAGE_STANDARD = "gnu++17";
				CLANG_CXX_LIBRARY = "libc++";
				CLANG_ENABLE_MODULES = YES;
				CLANG_ENABLE_OBJC_ARC = YES;
				CLANG_ENABLE_OBJC_WEAK = YES;
				CLANG_WARN_BLOCK_CAPTURE_AUTORELEASING = YES;
				CLANG_WARN_BOOL_CONVERSION = YES;
				CLANG_WARN_COMMA = YES;
				CLANG_WARN_CONSTANT_CONVERSION = YES;
				CLANG_WARN_DEPRECATED_OBJC_IMPLEMENTATIONS = YES;
				CLANG_WARN_DIRECT_OBJC_ISA_USAGE = YES_ERROR;
				CLANG_WARN_DOCUMENTATION_COMMENTS = YES;
				CLANG_WARN_EMPTY_BODY = YES;
				CLANG_WARN_ENUM_CONVERSION = YES;
				CLANG_WARN_INFINITE_RECURSION = YES;
				CLANG_WARN_INT_CONVERSION = YES;
				CLANG_WARN_NON_LITERAL_NULL_CONVERSION = YES;
				CLANG_WARN_OBJC_IMPLICIT_RETAIN_SELF = YES;
				CLANG_WARN_OBJC_LITERAL_CONVERSION = YES;
				CLANG_WARN_OBJC_ROOT_CLASS = YES_ERROR;
				CLANG_WARN_QUOTED_INCLUDE_IN_FRAMEWORK_HEADER = YES;
				CLANG_WARN_RANGE_LOOP_ANALYSIS = YES;
				CLANG_WARN_STRICT_PROTOTYPES = YES;
				CLANG_WARN_SUSPICIOUS_MOVE = YES;
				CLANG_WARN_UNGUARDED_AVAILABILITY = YES_AGGRESSIVE;
				CLANG_WARN_UNREACHABLE_CODE = YES;
				CLANG_WARN__DUPLICATE_METHOD_MATCH = YES;
				COPY_PHASE_STRIP = NO;
				DEBUG_INFORMATION_FORMAT = dwarf;
				ENABLE_STRICT_OBJC_MSGSEND = YES;
				ENABLE_TESTABILITY = YES;
				GCC_C_LANGUAGE_STANDARD = gnu11;
				GCC_DYNAMIC_NO_PIC = NO;
				GCC_NO_COMMON_BLOCKS = YES;
				GCC_OPTIMIZATION_LEVEL = 0;
				GCC_PREPROCESSOR_DEFINITIONS = (
					"DEBUG=1",
					"$(inherited)",
				);
				GCC_WARN_64_TO_32_BIT_CONVERSION = YES;
				GCC_WARN_ABOUT_RETURN_TYPE = YES_ERROR;
				GCC_WARN_UNDECLARED_SELECTOR = YES;
				GCC_WARN_UNINITIALIZED_AUTOS = YES_AGGRESSIVE;
				GCC_WARN_UNUSED_FUNCTION = YES;
				GCC_WARN_UNUSED_VARIABLE = YES;
				IPHONEOS_DEPLOYMENT_TARGET = 15.0;
				MTL_ENABLE_DEBUG_INFO = INCLUDE_SOURCE;
				MTL_FAST_MATH = YES;
				ONLY_ACTIVE_ARCH = YES;
				SDKROOT = iphoneos;
				SWIFT_ACTIVE_COMPILATION_CONDITIONS = DEBUG;
				SWIFT_OPTIMIZATION_LEVEL = "-Onone";
			};
			name = Debug;
		};
		DE3CAD29271B0B3A00B8DA7D /* Release */ = {
			isa = XCBuildConfiguration;
			buildSettings = {
				ALWAYS_SEARCH_USER_PATHS = NO;
				CLANG_ANALYZER_NONNULL = YES;
				CLANG_ANALYZER_NUMBER_OBJECT_CONVERSION = YES_AGGRESSIVE;
				CLANG_CXX_LANGUAGE_STANDARD = "gnu++17";
				CLANG_CXX_LIBRARY = "libc++";
				CLANG_ENABLE_MODULES = YES;
				CLANG_ENABLE_OBJC_ARC = YES;
				CLANG_ENABLE_OBJC_WEAK = YES;
				CLANG_WARN_BLOCK_CAPTURE_AUTORELEASING = YES;
				CLANG_WARN_BOOL_CONVERSION = YES;
				CLANG_WARN_COMMA = YES;
				CLANG_WARN_CONSTANT_CONVERSION = YES;
				CLANG_WARN_DEPRECATED_OBJC_IMPLEMENTATIONS = YES;
				CLANG_WARN_DIRECT_OBJC_ISA_USAGE = YES_ERROR;
				CLANG_WARN_DOCUMENTATION_COMMENTS = YES;
				CLANG_WARN_EMPTY_BODY = YES;
				CLANG_WARN_ENUM_CONVERSION = YES;
				CLANG_WARN_INFINITE_RECURSION = YES;
				CLANG_WARN_INT_CONVERSION = YES;
				CLANG_WARN_NON_LITERAL_NULL_CONVERSION = YES;
				CLANG_WARN_OBJC_IMPLICIT_RETAIN_SELF = YES;
				CLANG_WARN_OBJC_LITERAL_CONVERSION = YES;
				CLANG_WARN_OBJC_ROOT_CLASS = YES_ERROR;
				CLANG_WARN_QUOTED_INCLUDE_IN_FRAMEWORK_HEADER = YES;
				CLANG_WARN_RANGE_LOOP_ANALYSIS = YES;
				CLANG_WARN_STRICT_PROTOTYPES = YES;
				CLANG_WARN_SUSPICIOUS_MOVE = YES;
				CLANG_WARN_UNGUARDED_AVAILABILITY = YES_AGGRESSIVE;
				CLANG_WARN_UNREACHABLE_CODE = YES;
				CLANG_WARN__DUPLICATE_METHOD_MATCH = YES;
				COPY_PHASE_STRIP = NO;
				DEBUG_INFORMATION_FORMAT = "dwarf-with-dsym";
				ENABLE_NS_ASSERTIONS = NO;
				ENABLE_STRICT_OBJC_MSGSEND = YES;
				GCC_C_LANGUAGE_STANDARD = gnu11;
				GCC_NO_COMMON_BLOCKS = YES;
				GCC_WARN_64_TO_32_BIT_CONVERSION = YES;
				GCC_WARN_ABOUT_RETURN_TYPE = YES_ERROR;
				GCC_WARN_UNDECLARED_SELECTOR = YES;
				GCC_WARN_UNINITIALIZED_AUTOS = YES_AGGRESSIVE;
				GCC_WARN_UNUSED_FUNCTION = YES;
				GCC_WARN_UNUSED_VARIABLE = YES;
				IPHONEOS_DEPLOYMENT_TARGET = 15.0;
				MTL_ENABLE_DEBUG_INFO = NO;
				MTL_FAST_MATH = YES;
				SDKROOT = iphoneos;
				SWIFT_COMPILATION_MODE = wholemodule;
				SWIFT_OPTIMIZATION_LEVEL = "-O";
				VALIDATE_PRODUCT = YES;
			};
			name = Release;
		};
		DE3CAD2B271B0B3A00B8DA7D /* Debug */ = {
			isa = XCBuildConfiguration;
			baseConfigurationReference = 5E4BDFB6644712B4D0434BC1 /* Pods-Calculator.debug.xcconfig */;
			buildSettings = {
				ASSETCATALOG_COMPILER_APPICON_NAME = AppIcon;
				ASSETCATALOG_COMPILER_GLOBAL_ACCENT_COLOR_NAME = AccentColor;
				CODE_SIGN_STYLE = Automatic;
				CURRENT_PROJECT_VERSION = 1;
				DEVELOPMENT_TEAM = 72VADQKT7F;
				GENERATE_INFOPLIST_FILE = YES;
				INFOPLIST_FILE = Calculator/Info.plist;
				INFOPLIST_KEY_UIApplicationSupportsIndirectInputEvents = YES;
				INFOPLIST_KEY_UILaunchStoryboardName = LaunchScreen;
				INFOPLIST_KEY_UISupportedInterfaceOrientations = UIInterfaceOrientationPortrait;
				INFOPLIST_KEY_UISupportedInterfaceOrientations_iPad = "UIInterfaceOrientationPortrait UIInterfaceOrientationPortraitUpsideDown UIInterfaceOrientationLandscapeLeft UIInterfaceOrientationLandscapeRight";
				INFOPLIST_KEY_UISupportedInterfaceOrientations_iPhone = "UIInterfaceOrientationPortrait UIInterfaceOrientationLandscapeLeft UIInterfaceOrientationLandscapeRight";
				LD_RUNPATH_SEARCH_PATHS = (
					"$(inherited)",
					"@executable_path/Frameworks",
				);
				MARKETING_VERSION = 1.0;
				PRODUCT_BUNDLE_IDENTIFIER = KamilGucik.Calculator;
				PRODUCT_NAME = "$(TARGET_NAME)";
				SWIFT_EMIT_LOC_STRINGS = YES;
				SWIFT_VERSION = 5.0;
				TARGETED_DEVICE_FAMILY = "1,2";
			};
			name = Debug;
		};
		DE3CAD2C271B0B3A00B8DA7D /* Release */ = {
			isa = XCBuildConfiguration;
			baseConfigurationReference = F86D8B7016BE7FB0907D2CD2 /* Pods-Calculator.release.xcconfig */;
			buildSettings = {
				ASSETCATALOG_COMPILER_APPICON_NAME = AppIcon;
				ASSETCATALOG_COMPILER_GLOBAL_ACCENT_COLOR_NAME = AccentColor;
				CODE_SIGN_STYLE = Automatic;
				CURRENT_PROJECT_VERSION = 1;
				DEVELOPMENT_TEAM = 72VADQKT7F;
				GENERATE_INFOPLIST_FILE = YES;
				INFOPLIST_FILE = Calculator/Info.plist;
				INFOPLIST_KEY_UIApplicationSupportsIndirectInputEvents = YES;
				INFOPLIST_KEY_UILaunchStoryboardName = LaunchScreen;
				INFOPLIST_KEY_UISupportedInterfaceOrientations = UIInterfaceOrientationPortrait;
				INFOPLIST_KEY_UISupportedInterfaceOrientations_iPad = "UIInterfaceOrientationPortrait UIInterfaceOrientationPortraitUpsideDown UIInterfaceOrientationLandscapeLeft UIInterfaceOrientationLandscapeRight";
				INFOPLIST_KEY_UISupportedInterfaceOrientations_iPhone = "UIInterfaceOrientationPortrait UIInterfaceOrientationLandscapeLeft UIInterfaceOrientationLandscapeRight";
				LD_RUNPATH_SEARCH_PATHS = (
					"$(inherited)",
					"@executable_path/Frameworks",
				);
				MARKETING_VERSION = 1.0;
				PRODUCT_BUNDLE_IDENTIFIER = KamilGucik.Calculator;
				PRODUCT_NAME = "$(TARGET_NAME)";
				SWIFT_EMIT_LOC_STRINGS = YES;
				SWIFT_VERSION = 5.0;
				TARGETED_DEVICE_FAMILY = "1,2";
			};
			name = Release;
		};
/* End XCBuildConfiguration section */

/* Begin XCConfigurationList section */
		DE3CAD11271B0B3900B8DA7D /* Build configuration list for PBXProject "Calculator" */ = {
			isa = XCConfigurationList;
			buildConfigurations = (
				DE3CAD28271B0B3A00B8DA7D /* Debug */,
				DE3CAD29271B0B3A00B8DA7D /* Release */,
			);
			defaultConfigurationIsVisible = 0;
			defaultConfigurationName = Release;
		};
		DE3CAD2A271B0B3A00B8DA7D /* Build configuration list for PBXNativeTarget "Calculator" */ = {
			isa = XCConfigurationList;
			buildConfigurations = (
				DE3CAD2B271B0B3A00B8DA7D /* Debug */,
				DE3CAD2C271B0B3A00B8DA7D /* Release */,
			);
			defaultConfigurationIsVisible = 0;
			defaultConfigurationName = Release;
		};
/* End XCConfigurationList section */
	};
	rootObject = DE3CAD0E271B0B3900B8DA7D /* Project object */;
}
